
Microsoft Visual Studio Solution File, Format Version 12.00
# Visual Studio Version 16
VisualStudioVersion = 16.0.29503.13
MinimumVisualStudioVersion = 10.0.40219.1
Project("{FAE04EC0-301F-11D3-BF4B-00C04F79EFBC}") = "TableRes", "TableRes\TableRes.csproj", "{5A0510AF-A23E-44E2-8E7B-CE7133BC4D71}"
EndProject
Global
	GlobalSection(SolutionConfigurationPlatforms) = preSolution
		Debug|Any CPU = Debug|Any CPU
		Release|Any CPU = Release|Any CPU
	EndGlobalSection
	GlobalSection(ProjectConfigurationPlatforms) = postSolution
		{5A0510AF-A23E-44E2-8E7B-CE7133BC4D71}.Debug|Any CPU.ActiveCfg = Debug|Any CPU
		{5A0510AF-A23E-44E2-8E7B-CE7133BC4D71}.Debug|Any CPU.Build.0 = Debug|Any CPU
		{5A0510AF-A23E-44E2-8E7B-CE7133BC4D71}.Release|Any CPU.ActiveCfg = Release|Any CPU
		{5A0510AF-A23E-44E2-8E7B-CE7133BC4D71}.Release|Any CPU.Build.0 = Release|Any CPU
	EndGlobalSection
	GlobalSection(SolutionProperties) = preSolution
		HideSolutionNode = FALSE
	EndGlobalSection
	GlobalSection(ExtensibilityGlobals) = postSolution
		SolutionGuid = {625E79D0-E9F4-412E-B939-416A84EE42B6}
	EndGlobalSection
EndGlobal
